
Microsoft Visual Studio Solution File, Format Version 12.00
# Visual Studio 15
VisualStudioVersion = 15.0.26430.6
MinimumVisualStudioVersion = 10.0.40219.1
Project("{FAE04EC0-301F-11D3-BF4B-00C04F79EFBC}") = "JsonComparer.Console", "JsonComparer.Console\JsonComparer.Console.csproj", "{90D76DD6-B236-4DBC-80C8-18EF48CC46EA}"
	ProjectSection(ProjectDependencies) = postProject
		{7AA88418-3E48-4C81-86E8-D782A5B0FED7} = {7AA88418-3E48-4C81-86E8-D782A5B0FED7}
	EndProjectSection
EndProject
Project("{FAE04EC0-301F-11D3-BF4B-00C04F79EFBC}") = "JsonComparer.Core", "JsonComparer.Core\JsonComparer.Core.csproj", "{0929C18D-1691-4846-B63E-038BC8336FFA}"
EndProject
Project("{FAE04EC0-301F-11D3-BF4B-00C04F79EFBC}") = "JsonComparer.Services", "JsonComparer.Services\JsonComparer.Services.csproj", "{FE0618C8-4FA5-43A3-9148-40A4ED08EFD2}"
EndProject
Project("{FAE04EC0-301F-11D3-BF4B-00C04F79EFBC}") = "JsonComparer.Services.Tests", "JsonComparer.Services.Tests\JsonComparer.Services.Tests.csproj", "{ED50AF6C-6591-4362-8792-A15C2A2483D0}"
EndProject
Project("{FAE04EC0-301F-11D3-BF4B-00C04F79EFBC}") = "JsonComparer.Reports", "JsonComparer.Reports\JsonComparer.Reports.csproj", "{0F4B82D1-A5A1-4A49-B9F1-B63F0044EA2E}"
EndProject
Project("{2150E333-8FDC-42A3-9474-1A3956D46DE8}") = "Solution Items", "Solution Items", "{5D92BD4B-86AA-4BF5-A7F3-7A7B3B0B3D05}"
	ProjectSection(SolutionItems) = preProject
		appveyor-ci.yml = appveyor-ci.yml
		appveyor-release.yml = appveyor-release.yml
		README.md = README.md
	EndProjectSection
EndProject
Project("{FAE04EC0-301F-11D3-BF4B-00C04F79EFBC}") = "JsonComparer.Reports.Excel", "JsonComparer.Reports.Excel\JsonComparer.Reports.Excel.csproj", "{7AA88418-3E48-4C81-86E8-D782A5B0FED7}"
EndProject
Project("{FAE04EC0-301F-11D3-BF4B-00C04F79EFBC}") = "JsonComparer.Reports.Excel.Tests", "JsonComparer.Reports.Excel.Tests\JsonComparer.Reports.Excel.Tests.csproj", "{8482DEF9-AE49-4B37-A7BA-3B81379FA5C5}"
EndProject
Project("{2150E333-8FDC-42A3-9474-1A3956D46DE8}") = "docs", "docs", "{82C451B0-1A10-44B4-B200-38783DA85425}"
	ProjectSection(SolutionItems) = preProject
		docs\Compare.md = docs\Compare.md
		docs\Split.md = docs\Split.md
	EndProjectSection
EndProject
Global
	GlobalSection(SolutionConfigurationPlatforms) = preSolution
		Debug|Any CPU = Debug|Any CPU
		Release|Any CPU = Release|Any CPU
	EndGlobalSection
	GlobalSection(ProjectConfigurationPlatforms) = postSolution
		{90D76DD6-B236-4DBC-80C8-18EF48CC46EA}.Debug|Any CPU.ActiveCfg = Debug|Any CPU
		{90D76DD6-B236-4DBC-80C8-18EF48CC46EA}.Debug|Any CPU.Build.0 = Debug|Any CPU
		{90D76DD6-B236-4DBC-80C8-18EF48CC46EA}.Release|Any CPU.ActiveCfg = Release|Any CPU
		{90D76DD6-B236-4DBC-80C8-18EF48CC46EA}.Release|Any CPU.Build.0 = Release|Any CPU
		{0929C18D-1691-4846-B63E-038BC8336FFA}.Debug|Any CPU.ActiveCfg = Debug|Any CPU
		{0929C18D-1691-4846-B63E-038BC8336FFA}.Debug|Any CPU.Build.0 = Debug|Any CPU
		{0929C18D-1691-4846-B63E-038BC8336FFA}.Release|Any CPU.ActiveCfg = Release|Any CPU
		{0929C18D-1691-4846-B63E-038BC8336FFA}.Release|Any CPU.Build.0 = Release|Any CPU
		{FE0618C8-4FA5-43A3-9148-40A4ED08EFD2}.Debug|Any CPU.ActiveCfg = Debug|Any CPU
		{FE0618C8-4FA5-43A3-9148-40A4ED08EFD2}.Debug|Any CPU.Build.0 = Debug|Any CPU
		{FE0618C8-4FA5-43A3-9148-40A4ED08EFD2}.Release|Any CPU.ActiveCfg = Release|Any CPU
		{FE0618C8-4FA5-43A3-9148-40A4ED08EFD2}.Release|Any CPU.Build.0 = Release|Any CPU
		{ED50AF6C-6591-4362-8792-A15C2A2483D0}.Debug|Any CPU.ActiveCfg = Debug|Any CPU
		{ED50AF6C-6591-4362-8792-A15C2A2483D0}.Debug|Any CPU.Build.0 = Debug|Any CPU
		{ED50AF6C-6591-4362-8792-A15C2A2483D0}.Release|Any CPU.ActiveCfg = Release|Any CPU
		{ED50AF6C-6591-4362-8792-A15C2A2483D0}.Release|Any CPU.Build.0 = Release|Any CPU
		{0F4B82D1-A5A1-4A49-B9F1-B63F0044EA2E}.Debug|Any CPU.ActiveCfg = Debug|Any CPU
		{0F4B82D1-A5A1-4A49-B9F1-B63F0044EA2E}.Debug|Any CPU.Build.0 = Debug|Any CPU
		{0F4B82D1-A5A1-4A49-B9F1-B63F0044EA2E}.Release|Any CPU.ActiveCfg = Release|Any CPU
		{0F4B82D1-A5A1-4A49-B9F1-B63F0044EA2E}.Release|Any CPU.Build.0 = Release|Any CPU
		{7AA88418-3E48-4C81-86E8-D782A5B0FED7}.Debug|Any CPU.ActiveCfg = Debug|Any CPU
		{7AA88418-3E48-4C81-86E8-D782A5B0FED7}.Debug|Any CPU.Build.0 = Debug|Any CPU
		{7AA88418-3E48-4C81-86E8-D782A5B0FED7}.Release|Any CPU.ActiveCfg = Release|Any CPU
		{7AA88418-3E48-4C81-86E8-D782A5B0FED7}.Release|Any CPU.Build.0 = Release|Any CPU
		{8482DEF9-AE49-4B37-A7BA-3B81379FA5C5}.Debug|Any CPU.ActiveCfg = Debug|Any CPU
		{8482DEF9-AE49-4B37-A7BA-3B81379FA5C5}.Debug|Any CPU.Build.0 = Debug|Any CPU
		{8482DEF9-AE49-4B37-A7BA-3B81379FA5C5}.Release|Any CPU.ActiveCfg = Release|Any CPU
		{8482DEF9-AE49-4B37-A7BA-3B81379FA5C5}.Release|Any CPU.Build.0 = Release|Any CPU
	EndGlobalSection
	GlobalSection(SolutionProperties) = preSolution
		HideSolutionNode = FALSE
	EndGlobalSection
	GlobalSection(NestedProjects) = preSolution
		{82C451B0-1A10-44B4-B200-38783DA85425} = {5D92BD4B-86AA-4BF5-A7F3-7A7B3B0B3D05}
	EndGlobalSection
EndGlobal
