
Microsoft Visual Studio Solution File, Format Version 12.00
# Visual Studio 14
VisualStudioVersion = 14.0.25420.1
MinimumVisualStudioVersion = 10.0.40219.1
Project("{FAE04EC0-301F-11D3-BF4B-00C04F79EFBC}") = "JsonComparer.Console", "JsonComparer.Console\JsonComparer.Console.csproj", "{90D76DD6-B236-4DBC-80C8-18EF48CC46EA}"
EndProject
Project("{FAE04EC0-301F-11D3-BF4B-00C04F79EFBC}") = "JsonComparer.Core", "JsonComparer.Core\JsonComparer.Core.csproj", "{0929C18D-1691-4846-B63E-038BC8336FFA}"
EndProject
Project("{FAE04EC0-301F-11D3-BF4B-00C04F79EFBC}") = "JsonComparer.Services", "JsonComparer.Services\JsonComparer.Services.csproj", "{FE0618C8-4FA5-43A3-9148-40A4ED08EFD2}"
EndProject
Project("{FAE04EC0-301F-11D3-BF4B-00C04F79EFBC}") = "JsonComparer.Services.Tests", "JsonComparer.Services.Tests\JsonComparer.Services.Tests.csproj", "{ED50AF6C-6591-4362-8792-A15C2A2483D0}"
EndProject
Project("{FAE04EC0-301F-11D3-BF4B-00C04F79EFBC}") = "BigEgg.ConsoleExtension", "BigEgg.ConsoleExtension\BigEgg.ConsoleExtension.csproj", "{664CE9B8-05CD-4117-993B-D918C056F630}"
EndProject
Global
	GlobalSection(SolutionConfigurationPlatforms) = preSolution
		Debug|Any CPU = Debug|Any CPU
		Release|Any CPU = Release|Any CPU
	EndGlobalSection
	GlobalSection(ProjectConfigurationPlatforms) = postSolution
		{90D76DD6-B236-4DBC-80C8-18EF48CC46EA}.Debug|Any CPU.ActiveCfg = Debug|Any CPU
		{90D76DD6-B236-4DBC-80C8-18EF48CC46EA}.Debug|Any CPU.Build.0 = Debug|Any CPU
		{90D76DD6-B236-4DBC-80C8-18EF48CC46EA}.Release|Any CPU.ActiveCfg = Release|Any CPU
		{90D76DD6-B236-4DBC-80C8-18EF48CC46EA}.Release|Any CPU.Build.0 = Release|Any CPU
		{0929C18D-1691-4846-B63E-038BC8336FFA}.Debug|Any CPU.ActiveCfg = Debug|Any CPU
		{0929C18D-1691-4846-B63E-038BC8336FFA}.Debug|Any CPU.Build.0 = Debug|Any CPU
		{0929C18D-1691-4846-B63E-038BC8336FFA}.Release|Any CPU.ActiveCfg = Release|Any CPU
		{0929C18D-1691-4846-B63E-038BC8336FFA}.Release|Any CPU.Build.0 = Release|Any CPU
		{FE0618C8-4FA5-43A3-9148-40A4ED08EFD2}.Debug|Any CPU.ActiveCfg = Debug|Any CPU
		{FE0618C8-4FA5-43A3-9148-40A4ED08EFD2}.Debug|Any CPU.Build.0 = Debug|Any CPU
		{FE0618C8-4FA5-43A3-9148-40A4ED08EFD2}.Release|Any CPU.ActiveCfg = Release|Any CPU
		{FE0618C8-4FA5-43A3-9148-40A4ED08EFD2}.Release|Any CPU.Build.0 = Release|Any CPU
		{ED50AF6C-6591-4362-8792-A15C2A2483D0}.Debug|Any CPU.ActiveCfg = Debug|Any CPU
		{ED50AF6C-6591-4362-8792-A15C2A2483D0}.Debug|Any CPU.Build.0 = Debug|Any CPU
		{ED50AF6C-6591-4362-8792-A15C2A2483D0}.Release|Any CPU.ActiveCfg = Release|Any CPU
		{ED50AF6C-6591-4362-8792-A15C2A2483D0}.Release|Any CPU.Build.0 = Release|Any CPU
		{664CE9B8-05CD-4117-993B-D918C056F630}.Debug|Any CPU.ActiveCfg = Debug|Any CPU
		{664CE9B8-05CD-4117-993B-D918C056F630}.Debug|Any CPU.Build.0 = Debug|Any CPU
		{664CE9B8-05CD-4117-993B-D918C056F630}.Release|Any CPU.ActiveCfg = Release|Any CPU
		{664CE9B8-05CD-4117-993B-D918C056F630}.Release|Any CPU.Build.0 = Release|Any CPU
	EndGlobalSection
	GlobalSection(SolutionProperties) = preSolution
		HideSolutionNode = FALSE
	EndGlobalSection
EndGlobal
